PODS:
  - HDTranslateModule (0.1.0)
  - SwiftGen (6.6.2)

DEPENDENCIES:
  - HDTranslateModule (from `../`)
  - SwiftGen (~> 6.0)

SPEC REPOS:
  trunk:
    - SwiftGen

EXTERNAL SOURCES:
  HDTranslateModule:
    :path: "../"

SPEC CHECKSUMS:
  HDTranslateModule: f78847bc1fe1805e3edba5abcbf2ec051eb83e69
  SwiftGen: 1366a7f71aeef49954ca5a63ba4bef6b0f24138c

PODFILE CHECKSUM: 1754188ee48cc9b8d6c53ac0b7b6a3d3697da986

COCOAPODS: 1.11.3
