PODS:
  - HDTranslateModule (0.1.0)

DEPENDENCIES:
  - HDTranslateModule (from `../`)

EXTERNAL SOURCES:
  HDTranslateModule:
    :path: "../"

SPEC CHECKSUMS:
  HDTranslateModule: f5d428c84c75be4cc0c9440b8d23d832feec41da

PODFILE CHECKSUM: 76d93f8e95593363b0c8329a49c3922dfd551e5f

COCOAPODS: 1.11.3
